
Microsoft Visual Studio Solution File, Format Version 12.00
# Visual Studio Version 16
Project("{2150E333-8FDC-42A3-9474-1A3956D46DE8}") = "CMake", "CMake", "{B2C29928-B9F1-34BA-AF6A-7C6D0B9BBB1D}"
EndProject
Project("{2150E333-8FDC-42A3-9474-1A3956D46DE8}") = "SFML", "SFML", "{8AE6C749-DE44-3C05-94F9-1E4859E3469B}"
EndProject
Project("{8BC9CEB8-8B4A-11D0-8D11-00A0C91BC942}") = "ALL_BUILD", "ALL_BUILD.vcxproj", "{C3933BAE-063D-3342-A50A-7C236F61F3D4}"
	ProjectSection(ProjectDependencies) = postProject
		{36E56C54-7965-3962-A055-A576DA3C8954} = {36E56C54-7965-3962-A055-A576DA3C8954}
		{35485D1F-0554-340D-A21C-8E73F5671677} = {35485D1F-0554-340D-A21C-8E73F5671677}
		{421CF71F-34A3-35EB-B7A6-6B5F983462A5} = {421CF71F-34A3-35EB-B7A6-6B5F983462A5}
		{B8E9DABC-FF16-3D5B-AF28-A08CBA9E4793} = {B8E9DABC-FF16-3D5B-AF28-A08CBA9E4793}
		{78054DFD-39DD-3B4E-B679-D21E3D52DE80} = {78054DFD-39DD-3B4E-B679-D21E3D52DE80}
		{0F529E61-5EB6-3020-B2A6-DC2E7E73C569} = {0F529E61-5EB6-3020-B2A6-DC2E7E73C569}
		{73BFA599-4C1D-335A-A44F-12916C16917A} = {73BFA599-4C1D-335A-A44F-12916C16917A}
	EndProjectSection
EndProject
Project("{8BC9CEB8-8B4A-11D0-8D11-00A0C91BC942}") = "INSTALL", "INSTALL.vcxproj", "{D533D20B-BACF-310E-82A4-371AEBB5DC4C}"
	ProjectSection(ProjectDependencies) = postProject
		{C3933BAE-063D-3342-A50A-7C236F61F3D4} = {C3933BAE-063D-3342-A50A-7C236F61F3D4}
		{36E56C54-7965-3962-A055-A576DA3C8954} = {36E56C54-7965-3962-A055-A576DA3C8954}
	EndProjectSection
EndProject
Project("{8BC9CEB8-8B4A-11D0-8D11-00A0C91BC942}") = "PACKAGE", "PACKAGE.vcxproj", "{54D266FB-FAA9-3D05-A849-F4D7A1ADF22F}"
	ProjectSection(ProjectDependencies) = postProject
		{C3933BAE-063D-3342-A50A-7C236F61F3D4} = {C3933BAE-063D-3342-A50A-7C236F61F3D4}
		{36E56C54-7965-3962-A055-A576DA3C8954} = {36E56C54-7965-3962-A055-A576DA3C8954}
	EndProjectSection
EndProject
Project("{8BC9CEB8-8B4A-11D0-8D11-00A0C91BC942}") = "ZERO_CHECK", "..\..\\ZERO_CHECK.vcxproj", "{36E56C54-7965-3962-A055-A576DA3C8954}"
	ProjectSection(ProjectDependencies) = postProject
	EndProjectSection
EndProject
Project("{8BC9CEB8-8B4A-11D0-8D11-00A0C91BC942}") = "sfml-audio", "src\SFML\Audio\sfml-audio.vcxproj", "{35485D1F-0554-340D-A21C-8E73F5671677}"
	ProjectSection(ProjectDependencies) = postProject
		{36E56C54-7965-3962-A055-A576DA3C8954} = {36E56C54-7965-3962-A055-A576DA3C8954}
		{0F529E61-5EB6-3020-B2A6-DC2E7E73C569} = {0F529E61-5EB6-3020-B2A6-DC2E7E73C569}
	EndProjectSection
EndProject
Project("{8BC9CEB8-8B4A-11D0-8D11-00A0C91BC942}") = "sfml-graphics", "src\SFML\Graphics\sfml-graphics.vcxproj", "{421CF71F-34A3-35EB-B7A6-6B5F983462A5}"
	ProjectSection(ProjectDependencies) = postProject
		{36E56C54-7965-3962-A055-A576DA3C8954} = {36E56C54-7965-3962-A055-A576DA3C8954}
		{0F529E61-5EB6-3020-B2A6-DC2E7E73C569} = {0F529E61-5EB6-3020-B2A6-DC2E7E73C569}
		{73BFA599-4C1D-335A-A44F-12916C16917A} = {73BFA599-4C1D-335A-A44F-12916C16917A}
	EndProjectSection
EndProject
Project("{8BC9CEB8-8B4A-11D0-8D11-00A0C91BC942}") = "sfml-main", "src\SFML\Main\sfml-main.vcxproj", "{B8E9DABC-FF16-3D5B-AF28-A08CBA9E4793}"
	ProjectSection(ProjectDependencies) = postProject
		{36E56C54-7965-3962-A055-A576DA3C8954} = {36E56C54-7965-3962-A055-A576DA3C8954}
	EndProjectSection
EndProject
Project("{8BC9CEB8-8B4A-11D0-8D11-00A0C91BC942}") = "sfml-network", "src\SFML\Network\sfml-network.vcxproj", "{78054DFD-39DD-3B4E-B679-D21E3D52DE80}"
	ProjectSection(ProjectDependencies) = postProject
		{36E56C54-7965-3962-A055-A576DA3C8954} = {36E56C54-7965-3962-A055-A576DA3C8954}
		{0F529E61-5EB6-3020-B2A6-DC2E7E73C569} = {0F529E61-5EB6-3020-B2A6-DC2E7E73C569}
	EndProjectSection
EndProject
Project("{8BC9CEB8-8B4A-11D0-8D11-00A0C91BC942}") = "sfml-system", "src\SFML\System\sfml-system.vcxproj", "{0F529E61-5EB6-3020-B2A6-DC2E7E73C569}"
	ProjectSection(ProjectDependencies) = postProject
		{36E56C54-7965-3962-A055-A576DA3C8954} = {36E56C54-7965-3962-A055-A576DA3C8954}
	EndProjectSection
EndProject
Project("{8BC9CEB8-8B4A-11D0-8D11-00A0C91BC942}") = "sfml-window", "src\SFML\Window\sfml-window.vcxproj", "{73BFA599-4C1D-335A-A44F-12916C16917A}"
	ProjectSection(ProjectDependencies) = postProject
		{36E56C54-7965-3962-A055-A576DA3C8954} = {36E56C54-7965-3962-A055-A576DA3C8954}
		{0F529E61-5EB6-3020-B2A6-DC2E7E73C569} = {0F529E61-5EB6-3020-B2A6-DC2E7E73C569}
	EndProjectSection
EndProject
Global
	GlobalSection(SolutionConfigurationPlatforms) = preSolution
		Debug|x64 = Debug|x64
		Release|x64 = Release|x64
		MinSizeRel|x64 = MinSizeRel|x64
		RelWithDebInfo|x64 = RelWithDebInfo|x64
	EndGlobalSection
	GlobalSection(ProjectConfigurationPlatforms) = postSolution
		{C3933BAE-063D-3342-A50A-7C236F61F3D4}.Debug|x64.ActiveCfg = Debug|x64
		{C3933BAE-063D-3342-A50A-7C236F61F3D4}.Debug|x64.Build.0 = Debug|x64
		{C3933BAE-063D-3342-A50A-7C236F61F3D4}.Release|x64.ActiveCfg = Release|x64
		{C3933BAE-063D-3342-A50A-7C236F61F3D4}.Release|x64.Build.0 = Release|x64
		{C3933BAE-063D-3342-A50A-7C236F61F3D4}.MinSizeRel|x64.ActiveCfg = MinSizeRel|x64
		{C3933BAE-063D-3342-A50A-7C236F61F3D4}.MinSizeRel|x64.Build.0 = MinSizeRel|x64
		{C3933BAE-063D-3342-A50A-7C236F61F3D4}.RelWithDebInfo|x64.ActiveCfg = RelWithDebInfo|x64
		{C3933BAE-063D-3342-A50A-7C236F61F3D4}.RelWithDebInfo|x64.Build.0 = RelWithDebInfo|x64
		{D533D20B-BACF-310E-82A4-371AEBB5DC4C}.Debug|x64.ActiveCfg = Debug|x64
		{D533D20B-BACF-310E-82A4-371AEBB5DC4C}.Release|x64.ActiveCfg = Release|x64
		{D533D20B-BACF-310E-82A4-371AEBB5DC4C}.MinSizeRel|x64.ActiveCfg = MinSizeRel|x64
		{D533D20B-BACF-310E-82A4-371AEBB5DC4C}.RelWithDebInfo|x64.ActiveCfg = RelWithDebInfo|x64
		{54D266FB-FAA9-3D05-A849-F4D7A1ADF22F}.Debug|x64.ActiveCfg = Debug|x64
		{54D266FB-FAA9-3D05-A849-F4D7A1ADF22F}.Release|x64.ActiveCfg = Release|x64
		{54D266FB-FAA9-3D05-A849-F4D7A1ADF22F}.MinSizeRel|x64.ActiveCfg = MinSizeRel|x64
		{54D266FB-FAA9-3D05-A849-F4D7A1ADF22F}.RelWithDebInfo|x64.ActiveCfg = RelWithDebInfo|x64
		{36E56C54-7965-3962-A055-A576DA3C8954}.Debug|x64.ActiveCfg = Debug|x64
		{36E56C54-7965-3962-A055-A576DA3C8954}.Debug|x64.Build.0 = Debug|x64
		{36E56C54-7965-3962-A055-A576DA3C8954}.Release|x64.ActiveCfg = Release|x64
		{36E56C54-7965-3962-A055-A576DA3C8954}.Release|x64.Build.0 = Release|x64
		{36E56C54-7965-3962-A055-A576DA3C8954}.MinSizeRel|x64.ActiveCfg = MinSizeRel|x64
		{36E56C54-7965-3962-A055-A576DA3C8954}.MinSizeRel|x64.Build.0 = MinSizeRel|x64
		{36E56C54-7965-3962-A055-A576DA3C8954}.RelWithDebInfo|x64.ActiveCfg = RelWithDebInfo|x64
		{36E56C54-7965-3962-A055-A576DA3C8954}.RelWithDebInfo|x64.Build.0 = RelWithDebInfo|x64
		{35485D1F-0554-340D-A21C-8E73F5671677}.Debug|x64.ActiveCfg = Debug|x64
		{35485D1F-0554-340D-A21C-8E73F5671677}.Debug|x64.Build.0 = Debug|x64
		{35485D1F-0554-340D-A21C-8E73F5671677}.Release|x64.ActiveCfg = Release|x64
		{35485D1F-0554-340D-A21C-8E73F5671677}.Release|x64.Build.0 = Release|x64
		{35485D1F-0554-340D-A21C-8E73F5671677}.MinSizeRel|x64.ActiveCfg = MinSizeRel|x64
		{35485D1F-0554-340D-A21C-8E73F5671677}.MinSizeRel|x64.Build.0 = MinSizeRel|x64
		{35485D1F-0554-340D-A21C-8E73F5671677}.RelWithDebInfo|x64.ActiveCfg = RelWithDebInfo|x64
		{35485D1F-0554-340D-A21C-8E73F5671677}.RelWithDebInfo|x64.Build.0 = RelWithDebInfo|x64
		{421CF71F-34A3-35EB-B7A6-6B5F983462A5}.Debug|x64.ActiveCfg = Debug|x64
		{421CF71F-34A3-35EB-B7A6-6B5F983462A5}.Debug|x64.Build.0 = Debug|x64
		{421CF71F-34A3-35EB-B7A6-6B5F983462A5}.Release|x64.ActiveCfg = Release|x64
		{421CF71F-34A3-35EB-B7A6-6B5F983462A5}.Release|x64.Build.0 = Release|x64
		{421CF71F-34A3-35EB-B7A6-6B5F983462A5}.MinSizeRel|x64.ActiveCfg = MinSizeRel|x64
		{421CF71F-34A3-35EB-B7A6-6B5F983462A5}.MinSizeRel|x64.Build.0 = MinSizeRel|x64
		{421CF71F-34A3-35EB-B7A6-6B5F983462A5}.RelWithDebInfo|x64.ActiveCfg = RelWithDebInfo|x64
		{421CF71F-34A3-35EB-B7A6-6B5F983462A5}.RelWithDebInfo|x64.Build.0 = RelWithDebInfo|x64
		{B8E9DABC-FF16-3D5B-AF28-A08CBA9E4793}.Debug|x64.ActiveCfg = Debug|x64
		{B8E9DABC-FF16-3D5B-AF28-A08CBA9E4793}.Debug|x64.Build.0 = Debug|x64
		{B8E9DABC-FF16-3D5B-AF28-A08CBA9E4793}.Release|x64.ActiveCfg = Release|x64
		{B8E9DABC-FF16-3D5B-AF28-A08CBA9E4793}.Release|x64.Build.0 = Release|x64
		{B8E9DABC-FF16-3D5B-AF28-A08CBA9E4793}.MinSizeRel|x64.ActiveCfg = MinSizeRel|x64
		{B8E9DABC-FF16-3D5B-AF28-A08CBA9E4793}.MinSizeRel|x64.Build.0 = MinSizeRel|x64
		{B8E9DABC-FF16-3D5B-AF28-A08CBA9E4793}.RelWithDebInfo|x64.ActiveCfg = RelWithDebInfo|x64
		{B8E9DABC-FF16-3D5B-AF28-A08CBA9E4793}.RelWithDebInfo|x64.Build.0 = RelWithDebInfo|x64
		{78054DFD-39DD-3B4E-B679-D21E3D52DE80}.Debug|x64.ActiveCfg = Debug|x64
		{78054DFD-39DD-3B4E-B679-D21E3D52DE80}.Debug|x64.Build.0 = Debug|x64
		{78054DFD-39DD-3B4E-B679-D21E3D52DE80}.Release|x64.ActiveCfg = Release|x64
		{78054DFD-39DD-3B4E-B679-D21E3D52DE80}.Release|x64.Build.0 = Release|x64
		{78054DFD-39DD-3B4E-B679-D21E3D52DE80}.MinSizeRel|x64.ActiveCfg = MinSizeRel|x64
		{78054DFD-39DD-3B4E-B679-D21E3D52DE80}.MinSizeRel|x64.Build.0 = MinSizeRel|x64
		{78054DFD-39DD-3B4E-B679-D21E3D52DE80}.RelWithDebInfo|x64.ActiveCfg = RelWithDebInfo|x64
		{78054DFD-39DD-3B4E-B679-D21E3D52DE80}.RelWithDebInfo|x64.Build.0 = RelWithDebInfo|x64
		{0F529E61-5EB6-3020-B2A6-DC2E7E73C569}.Debug|x64.ActiveCfg = Debug|x64
		{0F529E61-5EB6-3020-B2A6-DC2E7E73C569}.Debug|x64.Build.0 = Debug|x64
		{0F529E61-5EB6-3020-B2A6-DC2E7E73C569}.Release|x64.ActiveCfg = Release|x64
		{0F529E61-5EB6-3020-B2A6-DC2E7E73C569}.Release|x64.Build.0 = Release|x64
		{0F529E61-5EB6-3020-B2A6-DC2E7E73C569}.MinSizeRel|x64.ActiveCfg = MinSizeRel|x64
		{0F529E61-5EB6-3020-B2A6-DC2E7E73C569}.MinSizeRel|x64.Build.0 = MinSizeRel|x64
		{0F529E61-5EB6-3020-B2A6-DC2E7E73C569}.RelWithDebInfo|x64.ActiveCfg = RelWithDebInfo|x64
		{0F529E61-5EB6-3020-B2A6-DC2E7E73C569}.RelWithDebInfo|x64.Build.0 = RelWithDebInfo|x64
		{73BFA599-4C1D-335A-A44F-12916C16917A}.Debug|x64.ActiveCfg = Debug|x64
		{73BFA599-4C1D-335A-A44F-12916C16917A}.Debug|x64.Build.0 = Debug|x64
		{73BFA599-4C1D-335A-A44F-12916C16917A}.Release|x64.ActiveCfg = Release|x64
		{73BFA599-4C1D-335A-A44F-12916C16917A}.Release|x64.Build.0 = Release|x64
		{73BFA599-4C1D-335A-A44F-12916C16917A}.MinSizeRel|x64.ActiveCfg = MinSizeRel|x64
		{73BFA599-4C1D-335A-A44F-12916C16917A}.MinSizeRel|x64.Build.0 = MinSizeRel|x64
		{73BFA599-4C1D-335A-A44F-12916C16917A}.RelWithDebInfo|x64.ActiveCfg = RelWithDebInfo|x64
		{73BFA599-4C1D-335A-A44F-12916C16917A}.RelWithDebInfo|x64.Build.0 = RelWithDebInfo|x64
	EndGlobalSection
	GlobalSection(NestedProjects) = preSolution
		{C3933BAE-063D-3342-A50A-7C236F61F3D4} = {B2C29928-B9F1-34BA-AF6A-7C6D0B9BBB1D}
		{D533D20B-BACF-310E-82A4-371AEBB5DC4C} = {B2C29928-B9F1-34BA-AF6A-7C6D0B9BBB1D}
		{54D266FB-FAA9-3D05-A849-F4D7A1ADF22F} = {B2C29928-B9F1-34BA-AF6A-7C6D0B9BBB1D}
		{36E56C54-7965-3962-A055-A576DA3C8954} = {B2C29928-B9F1-34BA-AF6A-7C6D0B9BBB1D}
		{35485D1F-0554-340D-A21C-8E73F5671677} = {8AE6C749-DE44-3C05-94F9-1E4859E3469B}
		{421CF71F-34A3-35EB-B7A6-6B5F983462A5} = {8AE6C749-DE44-3C05-94F9-1E4859E3469B}
		{B8E9DABC-FF16-3D5B-AF28-A08CBA9E4793} = {8AE6C749-DE44-3C05-94F9-1E4859E3469B}
		{78054DFD-39DD-3B4E-B679-D21E3D52DE80} = {8AE6C749-DE44-3C05-94F9-1E4859E3469B}
		{0F529E61-5EB6-3020-B2A6-DC2E7E73C569} = {8AE6C749-DE44-3C05-94F9-1E4859E3469B}
		{73BFA599-4C1D-335A-A44F-12916C16917A} = {8AE6C749-DE44-3C05-94F9-1E4859E3469B}
	EndGlobalSection
	GlobalSection(ExtensibilityGlobals) = postSolution
		SolutionGuid = {0084F911-8AB3-32B5-B962-FD4D5B456797}
	EndGlobalSection
	GlobalSection(ExtensibilityAddIns) = postSolution
	EndGlobalSection
EndGlobal
