
Microsoft Visual Studio Solution File, Format Version 12.00
# Visual Studio Version 16
Project("{2150E333-8FDC-42A3-9474-1A3956D46DE8}") = "CMake", "CMake", "{B2C29928-B9F1-34BA-AF6A-7C6D0B9BBB1D}"
EndProject
Project("{8BC9CEB8-8B4A-11D0-8D11-00A0C91BC942}") = "ALL_BUILD", "ALL_BUILD.vcxproj", "{C3933BAE-063D-3342-A50A-7C236F61F3D4}"
	ProjectSection(ProjectDependencies) = postProject
		{44735562-F9FC-3577-9C70-198B7ACB2263} = {44735562-F9FC-3577-9C70-198B7ACB2263}
		{36E56C54-7965-3962-A055-A576DA3C8954} = {36E56C54-7965-3962-A055-A576DA3C8954}
	EndProjectSection
EndProject
Project("{8BC9CEB8-8B4A-11D0-8D11-00A0C91BC942}") = "Box2D", "Box2D.vcxproj", "{44735562-F9FC-3577-9C70-198B7ACB2263}"
	ProjectSection(ProjectDependencies) = postProject
		{36E56C54-7965-3962-A055-A576DA3C8954} = {36E56C54-7965-3962-A055-A576DA3C8954}
	EndProjectSection
EndProject
Project("{8BC9CEB8-8B4A-11D0-8D11-00A0C91BC942}") = "INSTALL", "INSTALL.vcxproj", "{D533D20B-BACF-310E-82A4-371AEBB5DC4C}"
	ProjectSection(ProjectDependencies) = postProject
		{C3933BAE-063D-3342-A50A-7C236F61F3D4} = {C3933BAE-063D-3342-A50A-7C236F61F3D4}
		{36E56C54-7965-3962-A055-A576DA3C8954} = {36E56C54-7965-3962-A055-A576DA3C8954}
	EndProjectSection
EndProject
Project("{8BC9CEB8-8B4A-11D0-8D11-00A0C91BC942}") = "PACKAGE", "PACKAGE.vcxproj", "{54D266FB-FAA9-3D05-A849-F4D7A1ADF22F}"
	ProjectSection(ProjectDependencies) = postProject
		{C3933BAE-063D-3342-A50A-7C236F61F3D4} = {C3933BAE-063D-3342-A50A-7C236F61F3D4}
		{36E56C54-7965-3962-A055-A576DA3C8954} = {36E56C54-7965-3962-A055-A576DA3C8954}
	EndProjectSection
EndProject
Project("{8BC9CEB8-8B4A-11D0-8D11-00A0C91BC942}") = "ZERO_CHECK", "..\..\..\\ZERO_CHECK.vcxproj", "{36E56C54-7965-3962-A055-A576DA3C8954}"
	ProjectSection(ProjectDependencies) = postProject
	EndProjectSection
EndProject
Global
	GlobalSection(SolutionConfigurationPlatforms) = preSolution
		Debug|x64 = Debug|x64
		Release|x64 = Release|x64
		MinSizeRel|x64 = MinSizeRel|x64
		RelWithDebInfo|x64 = RelWithDebInfo|x64
	EndGlobalSection
	GlobalSection(ProjectConfigurationPlatforms) = postSolution
		{C3933BAE-063D-3342-A50A-7C236F61F3D4}.Debug|x64.ActiveCfg = Debug|x64
		{C3933BAE-063D-3342-A50A-7C236F61F3D4}.Debug|x64.Build.0 = Debug|x64
		{C3933BAE-063D-3342-A50A-7C236F61F3D4}.Release|x64.ActiveCfg = Release|x64
		{C3933BAE-063D-3342-A50A-7C236F61F3D4}.Release|x64.Build.0 = Release|x64
		{C3933BAE-063D-3342-A50A-7C236F61F3D4}.MinSizeRel|x64.ActiveCfg = MinSizeRel|x64
		{C3933BAE-063D-3342-A50A-7C236F61F3D4}.MinSizeRel|x64.Build.0 = MinSizeRel|x64
		{C3933BAE-063D-3342-A50A-7C236F61F3D4}.RelWithDebInfo|x64.ActiveCfg = RelWithDebInfo|x64
		{C3933BAE-063D-3342-A50A-7C236F61F3D4}.RelWithDebInfo|x64.Build.0 = RelWithDebInfo|x64
		{44735562-F9FC-3577-9C70-198B7ACB2263}.Debug|x64.ActiveCfg = Debug|x64
		{44735562-F9FC-3577-9C70-198B7ACB2263}.Debug|x64.Build.0 = Debug|x64
		{44735562-F9FC-3577-9C70-198B7ACB2263}.Release|x64.ActiveCfg = Release|x64
		{44735562-F9FC-3577-9C70-198B7ACB2263}.Release|x64.Build.0 = Release|x64
		{44735562-F9FC-3577-9C70-198B7ACB2263}.MinSizeRel|x64.ActiveCfg = MinSizeRel|x64
		{44735562-F9FC-3577-9C70-198B7ACB2263}.MinSizeRel|x64.Build.0 = MinSizeRel|x64
		{44735562-F9FC-3577-9C70-198B7ACB2263}.RelWithDebInfo|x64.ActiveCfg = RelWithDebInfo|x64
		{44735562-F9FC-3577-9C70-198B7ACB2263}.RelWithDebInfo|x64.Build.0 = RelWithDebInfo|x64
		{D533D20B-BACF-310E-82A4-371AEBB5DC4C}.Debug|x64.ActiveCfg = Debug|x64
		{D533D20B-BACF-310E-82A4-371AEBB5DC4C}.Release|x64.ActiveCfg = Release|x64
		{D533D20B-BACF-310E-82A4-371AEBB5DC4C}.MinSizeRel|x64.ActiveCfg = MinSizeRel|x64
		{D533D20B-BACF-310E-82A4-371AEBB5DC4C}.RelWithDebInfo|x64.ActiveCfg = RelWithDebInfo|x64
		{54D266FB-FAA9-3D05-A849-F4D7A1ADF22F}.Debug|x64.ActiveCfg = Debug|x64
		{54D266FB-FAA9-3D05-A849-F4D7A1ADF22F}.Release|x64.ActiveCfg = Release|x64
		{54D266FB-FAA9-3D05-A849-F4D7A1ADF22F}.MinSizeRel|x64.ActiveCfg = MinSizeRel|x64
		{54D266FB-FAA9-3D05-A849-F4D7A1ADF22F}.RelWithDebInfo|x64.ActiveCfg = RelWithDebInfo|x64
		{36E56C54-7965-3962-A055-A576DA3C8954}.Debug|x64.ActiveCfg = Debug|x64
		{36E56C54-7965-3962-A055-A576DA3C8954}.Debug|x64.Build.0 = Debug|x64
		{36E56C54-7965-3962-A055-A576DA3C8954}.Release|x64.ActiveCfg = Release|x64
		{36E56C54-7965-3962-A055-A576DA3C8954}.Release|x64.Build.0 = Release|x64
		{36E56C54-7965-3962-A055-A576DA3C8954}.MinSizeRel|x64.ActiveCfg = MinSizeRel|x64
		{36E56C54-7965-3962-A055-A576DA3C8954}.MinSizeRel|x64.Build.0 = MinSizeRel|x64
		{36E56C54-7965-3962-A055-A576DA3C8954}.RelWithDebInfo|x64.ActiveCfg = RelWithDebInfo|x64
		{36E56C54-7965-3962-A055-A576DA3C8954}.RelWithDebInfo|x64.Build.0 = RelWithDebInfo|x64
	EndGlobalSection
	GlobalSection(NestedProjects) = preSolution
		{C3933BAE-063D-3342-A50A-7C236F61F3D4} = {B2C29928-B9F1-34BA-AF6A-7C6D0B9BBB1D}
		{D533D20B-BACF-310E-82A4-371AEBB5DC4C} = {B2C29928-B9F1-34BA-AF6A-7C6D0B9BBB1D}
		{54D266FB-FAA9-3D05-A849-F4D7A1ADF22F} = {B2C29928-B9F1-34BA-AF6A-7C6D0B9BBB1D}
		{36E56C54-7965-3962-A055-A576DA3C8954} = {B2C29928-B9F1-34BA-AF6A-7C6D0B9BBB1D}
	EndGlobalSection
	GlobalSection(ExtensibilityGlobals) = postSolution
		SolutionGuid = {888BB757-EC43-3589-9288-3A4D3A45B1DC}
	EndGlobalSection
	GlobalSection(ExtensibilityAddIns) = postSolution
	EndGlobalSection
EndGlobal
