<?xml version="1.0" encoding="utf-8"?>
<Project ToolsVersion="16.0" xmlns="http://schemas.microsoft.com/developer/msbuild/2003">
  <ItemGroup>
    <ClCompile Include="D:\GitHub\minescape\engine\lib_ecm\ecm.cpp">
      <Filter>Source Files</Filter>
    </ClCompile>
  </ItemGroup>
  <ItemGroup>
    <ClInclude Include="D:\GitHub\minescape\engine\lib_ecm\ecm.h">
      <Filter>Header Files</Filter>
    </ClInclude>
    <ClInclude Include="D:\GitHub\minescape\engine\lib_maths\maths.h">
      <Filter>Header Files</Filter>
    </ClInclude>
  </ItemGroup>
  <ItemGroup>
    <CustomBuild Include="D:\GitHub\minescape\CMakeLists.txt" />
  </ItemGroup>
  <ItemGroup>
    <Filter Include="Header Files">
      <UniqueIdentifier>{AE4996D0-A0DC-38BC-8019-26FB557A7897}</UniqueIdentifier>
    </Filter>
    <Filter Include="Source Files">
      <UniqueIdentifier>{1F17037A-6EAB-3765-9064-C8BEA29ECBF4}</UniqueIdentifier>
    </Filter>
  </ItemGroup>
</Project>
