<?xml version="1.0" encoding="utf-8"?>
<Project ToolsVersion="16.0" xmlns="http://schemas.microsoft.com/developer/msbuild/2003">
  <ItemGroup>
    <ClCompile Include="D:\GitHub\minescape\minescape\components\cmp_actor_movement.cpp">
      <Filter>components</Filter>
    </ClCompile>
    <ClCompile Include="D:\GitHub\minescape\minescape\components\cmp_bullet.cpp">
      <Filter>components</Filter>
    </ClCompile>
    <ClCompile Include="D:\GitHub\minescape\minescape\components\cmp_enemy_ai.cpp">
      <Filter>components</Filter>
    </ClCompile>
    <ClCompile Include="D:\GitHub\minescape\minescape\components\cmp_enemy_turret.cpp">
      <Filter>components</Filter>
    </ClCompile>
    <ClCompile Include="D:\GitHub\minescape\minescape\components\cmp_hut_player.cpp">
      <Filter>components</Filter>
    </ClCompile>
    <ClCompile Include="D:\GitHub\minescape\minescape\components\cmp_physics.cpp">
      <Filter>components</Filter>
    </ClCompile>
    <ClCompile Include="D:\GitHub\minescape\minescape\components\cmp_player_physics.cpp">
      <Filter>components</Filter>
    </ClCompile>
    <ClCompile Include="D:\GitHub\minescape\minescape\components\cmp_sprite.cpp">
      <Filter>components</Filter>
    </ClCompile>
    <ClCompile Include="D:\GitHub\minescape\minescape\components\cmp_text.cpp">
      <Filter>components</Filter>
    </ClCompile>
    <ClCompile Include="D:\GitHub\minescape\minescape\platformer_main.cpp">
      <Filter>Source Files</Filter>
    </ClCompile>
    <ClCompile Include="D:\GitHub\minescape\minescape\scenes\scene_level1.cpp">
      <Filter>Source Files</Filter>
    </ClCompile>
    <ClCompile Include="D:\GitHub\minescape\minescape\scenes\scene_level2.cpp">
      <Filter>Source Files</Filter>
    </ClCompile>
    <ClCompile Include="D:\GitHub\minescape\minescape\scenes\scene_level3.cpp">
      <Filter>Source Files</Filter>
    </ClCompile>
    <ClCompile Include="D:\GitHub\minescape\minescape\scenes\scene_menu.cpp">
      <Filter>Source Files</Filter>
    </ClCompile>
  </ItemGroup>
  <ItemGroup>
    <ClInclude Include="D:\GitHub\minescape\minescape\components\cmp_actor_movement.h">
      <Filter>components</Filter>
    </ClInclude>
    <ClInclude Include="D:\GitHub\minescape\minescape\components\cmp_bullet.h">
      <Filter>components</Filter>
    </ClInclude>
    <ClInclude Include="D:\GitHub\minescape\minescape\components\cmp_enemy_ai.h">
      <Filter>components</Filter>
    </ClInclude>
    <ClInclude Include="D:\GitHub\minescape\minescape\components\cmp_enemy_turret.h">
      <Filter>components</Filter>
    </ClInclude>
    <ClInclude Include="D:\GitHub\minescape\minescape\components\cmp_hurt_player.h">
      <Filter>components</Filter>
    </ClInclude>
    <ClInclude Include="D:\GitHub\minescape\minescape\components\cmp_physics.h">
      <Filter>components</Filter>
    </ClInclude>
    <ClInclude Include="D:\GitHub\minescape\minescape\components\cmp_player_physics.h">
      <Filter>components</Filter>
    </ClInclude>
    <ClInclude Include="D:\GitHub\minescape\minescape\components\cmp_sprite.h">
      <Filter>components</Filter>
    </ClInclude>
    <ClInclude Include="D:\GitHub\minescape\minescape\components\cmp_text.h">
      <Filter>components</Filter>
    </ClInclude>
    <ClInclude Include="D:\GitHub\minescape\minescape\game.h">
      <Filter>Header Files</Filter>
    </ClInclude>
    <ClInclude Include="D:\GitHub\minescape\minescape\scenes\scene_level1.h">
      <Filter>Header Files</Filter>
    </ClInclude>
    <ClInclude Include="D:\GitHub\minescape\minescape\scenes\scene_level2.h">
      <Filter>Header Files</Filter>
    </ClInclude>
    <ClInclude Include="D:\GitHub\minescape\minescape\scenes\scene_level3.h">
      <Filter>Header Files</Filter>
    </ClInclude>
    <ClInclude Include="D:\GitHub\minescape\minescape\scenes\scene_menu.h">
      <Filter>Header Files</Filter>
    </ClInclude>
    <ClInclude Include="D:\GitHub\minescape\engine\lib_maths\maths.h">
      <Filter>Header Files</Filter>
    </ClInclude>
  </ItemGroup>
  <ItemGroup>
    <CustomBuild Include="D:\GitHub\minescape\CMakeLists.txt" />
  </ItemGroup>
  <ItemGroup>
    <None Include="D:\GitHub\minescape\res\fonts\RobotoMono-Regular.ttf">
      <Filter>resources</Filter>
    </None>
    <None Include="D:\GitHub\minescape\res\level_1.txt">
      <Filter>resources</Filter>
    </None>
  </ItemGroup>
  <ItemGroup>
    <Filter Include="Header Files">
      <UniqueIdentifier>{AE4996D0-A0DC-38BC-8019-26FB557A7897}</UniqueIdentifier>
    </Filter>
    <Filter Include="Source Files">
      <UniqueIdentifier>{1F17037A-6EAB-3765-9064-C8BEA29ECBF4}</UniqueIdentifier>
    </Filter>
    <Filter Include="components">
      <UniqueIdentifier>{BEB67756-20A5-334F-9561-DD970DDEAB31}</UniqueIdentifier>
    </Filter>
    <Filter Include="resources">
      <UniqueIdentifier>{901C2180-77A8-317A-B039-10B1C2106FF3}</UniqueIdentifier>
    </Filter>
  </ItemGroup>
</Project>